
Microsoft Visual Studio Solution File, Format Version 12.00
# Visual Studio Version 17
VisualStudioVersion = 17.11.35222.181
MinimumVisualStudioVersion = 10.0.40219.1
Project("{FAE04EC0-301F-11D3-BF4B-00C04F79EFBC}") = "z2", "z2\z2.csproj", "{7A3AC001-E0F8-46CA-9F01-C71A790C4740}"
EndProject
Global
	GlobalSection(SolutionConfigurationPlatforms) = preSolution
		Debug|Any CPU = Debug|Any CPU
		Release|Any CPU = Release|Any CPU
	EndGlobalSection
	GlobalSection(ProjectConfigurationPlatforms) = postSolution
		{7A3AC001-E0F8-46CA-9F01-C71A790C4740}.Debug|Any CPU.ActiveCfg = Debug|Any CPU
		{7A3AC001-E0F8-46CA-9F01-C71A790C4740}.Debug|Any CPU.Build.0 = Debug|Any CPU
		{7A3AC001-E0F8-46CA-9F01-C71A790C4740}.Release|Any CPU.ActiveCfg = Release|Any CPU
		{7A3AC001-E0F8-46CA-9F01-C71A790C4740}.Release|Any CPU.Build.0 = Release|Any CPU
	EndGlobalSection
	GlobalSection(SolutionProperties) = preSolution
		HideSolutionNode = FALSE
	EndGlobalSection
	GlobalSection(ExtensibilityGlobals) = postSolution
		SolutionGuid = {8A73CAF0-84D2-4CFB-8AD3-870190B9D0CA}
	EndGlobalSection
EndGlobal
