
Microsoft Visual Studio Solution File, Format Version 12.00
# Visual Studio Version 17
VisualStudioVersion = 17.11.35222.181
MinimumVisualStudioVersion = 10.0.40219.1
Project("{FAE04EC0-301F-11D3-BF4B-00C04F79EFBC}") = "z2", "z2\z2.csproj", "{ADBC8E98-23A0-48B6-A92E-852511514086}"
EndProject
Global
	GlobalSection(SolutionConfigurationPlatforms) = preSolution
		Debug|Any CPU = Debug|Any CPU
		Release|Any CPU = Release|Any CPU
	EndGlobalSection
	GlobalSection(ProjectConfigurationPlatforms) = postSolution
		{ADBC8E98-23A0-48B6-A92E-852511514086}.Debug|Any CPU.ActiveCfg = Debug|Any CPU
		{ADBC8E98-23A0-48B6-A92E-852511514086}.Debug|Any CPU.Build.0 = Debug|Any CPU
		{ADBC8E98-23A0-48B6-A92E-852511514086}.Release|Any CPU.ActiveCfg = Release|Any CPU
		{ADBC8E98-23A0-48B6-A92E-852511514086}.Release|Any CPU.Build.0 = Release|Any CPU
	EndGlobalSection
	GlobalSection(SolutionProperties) = preSolution
		HideSolutionNode = FALSE
	EndGlobalSection
	GlobalSection(ExtensibilityGlobals) = postSolution
		SolutionGuid = {E43A6467-08A8-4D1F-AA73-4A436DCFAFE9}
	EndGlobalSection
EndGlobal
