
Microsoft Visual Studio Solution File, Format Version 12.00
# Visual Studio Version 17
VisualStudioVersion = 17.11.35222.181
MinimumVisualStudioVersion = 10.0.40219.1
Project("{FAE04EC0-301F-11D3-BF4B-00C04F79EFBC}") = "z2", "z2\z2.csproj", "{66B079BF-A55D-40BB-A2B3-FBD2B975DE79}"
EndProject
Global
	GlobalSection(SolutionConfigurationPlatforms) = preSolution
		Debug|Any CPU = Debug|Any CPU
		Release|Any CPU = Release|Any CPU
	EndGlobalSection
	GlobalSection(ProjectConfigurationPlatforms) = postSolution
		{66B079BF-A55D-40BB-A2B3-FBD2B975DE79}.Debug|Any CPU.ActiveCfg = Debug|Any CPU
		{66B079BF-A55D-40BB-A2B3-FBD2B975DE79}.Debug|Any CPU.Build.0 = Debug|Any CPU
		{66B079BF-A55D-40BB-A2B3-FBD2B975DE79}.Release|Any CPU.ActiveCfg = Release|Any CPU
		{66B079BF-A55D-40BB-A2B3-FBD2B975DE79}.Release|Any CPU.Build.0 = Release|Any CPU
	EndGlobalSection
	GlobalSection(SolutionProperties) = preSolution
		HideSolutionNode = FALSE
	EndGlobalSection
	GlobalSection(ExtensibilityGlobals) = postSolution
		SolutionGuid = {AAC8C6EA-4B97-42B1-A99A-EE786FDCAFD7}
	EndGlobalSection
EndGlobal
