
Microsoft Visual Studio Solution File, Format Version 12.00
# Visual Studio Version 17
VisualStudioVersion = 17.11.35222.181
MinimumVisualStudioVersion = 10.0.40219.1
Project("{FAE04EC0-301F-11D3-BF4B-00C04F79EFBC}") = "z1", "z1\z1.csproj", "{89416C60-5098-465B-B20F-489910AF99ED}"
EndProject
Global
	GlobalSection(SolutionConfigurationPlatforms) = preSolution
		Debug|Any CPU = Debug|Any CPU
		Release|Any CPU = Release|Any CPU
	EndGlobalSection
	GlobalSection(ProjectConfigurationPlatforms) = postSolution
		{89416C60-5098-465B-B20F-489910AF99ED}.Debug|Any CPU.ActiveCfg = Debug|Any CPU
		{89416C60-5098-465B-B20F-489910AF99ED}.Debug|Any CPU.Build.0 = Debug|Any CPU
		{89416C60-5098-465B-B20F-489910AF99ED}.Release|Any CPU.ActiveCfg = Release|Any CPU
		{89416C60-5098-465B-B20F-489910AF99ED}.Release|Any CPU.Build.0 = Release|Any CPU
	EndGlobalSection
	GlobalSection(SolutionProperties) = preSolution
		HideSolutionNode = FALSE
	EndGlobalSection
	GlobalSection(ExtensibilityGlobals) = postSolution
		SolutionGuid = {BD8321B3-7C45-4CA9-9827-13934C156D9A}
	EndGlobalSection
EndGlobal
