
Microsoft Visual Studio Solution File, Format Version 12.00
# Visual Studio Version 17
VisualStudioVersion = 17.11.35222.181
MinimumVisualStudioVersion = 10.0.40219.1
Project("{FAE04EC0-301F-11D3-BF4B-00C04F79EFBC}") = "Cinoteatr", "Cinoteatr\Cinoteatr.csproj", "{392B362F-1DFF-4219-A65A-0EF2688E5148}"
EndProject
Global
	GlobalSection(SolutionConfigurationPlatforms) = preSolution
		Debug|Any CPU = Debug|Any CPU
		Release|Any CPU = Release|Any CPU
	EndGlobalSection
	GlobalSection(ProjectConfigurationPlatforms) = postSolution
		{392B362F-1DFF-4219-A65A-0EF2688E5148}.Debug|Any CPU.ActiveCfg = Debug|Any CPU
		{392B362F-1DFF-4219-A65A-0EF2688E5148}.Debug|Any CPU.Build.0 = Debug|Any CPU
		{392B362F-1DFF-4219-A65A-0EF2688E5148}.Release|Any CPU.ActiveCfg = Release|Any CPU
		{392B362F-1DFF-4219-A65A-0EF2688E5148}.Release|Any CPU.Build.0 = Release|Any CPU
	EndGlobalSection
	GlobalSection(SolutionProperties) = preSolution
		HideSolutionNode = FALSE
	EndGlobalSection
	GlobalSection(ExtensibilityGlobals) = postSolution
		SolutionGuid = {5675AEB8-3200-4367-A730-BE6A2DED3E84}
	EndGlobalSection
EndGlobal
