
Microsoft Visual Studio Solution File, Format Version 12.00
# Visual Studio Version 17
VisualStudioVersion = 17.11.35222.181
MinimumVisualStudioVersion = 10.0.40219.1
Project("{FAE04EC0-301F-11D3-BF4B-00C04F79EFBC}") = "z3", "z3\z3.csproj", "{D3D4FB0D-AB79-450C-A642-925E77AD55F1}"
EndProject
Global
	GlobalSection(SolutionConfigurationPlatforms) = preSolution
		Debug|Any CPU = Debug|Any CPU
		Release|Any CPU = Release|Any CPU
	EndGlobalSection
	GlobalSection(ProjectConfigurationPlatforms) = postSolution
		{D3D4FB0D-AB79-450C-A642-925E77AD55F1}.Debug|Any CPU.ActiveCfg = Debug|Any CPU
		{D3D4FB0D-AB79-450C-A642-925E77AD55F1}.Debug|Any CPU.Build.0 = Debug|Any CPU
		{D3D4FB0D-AB79-450C-A642-925E77AD55F1}.Release|Any CPU.ActiveCfg = Release|Any CPU
		{D3D4FB0D-AB79-450C-A642-925E77AD55F1}.Release|Any CPU.Build.0 = Release|Any CPU
	EndGlobalSection
	GlobalSection(SolutionProperties) = preSolution
		HideSolutionNode = FALSE
	EndGlobalSection
	GlobalSection(ExtensibilityGlobals) = postSolution
		SolutionGuid = {EC2D9AA5-6742-4C79-8256-14557303B5A8}
	EndGlobalSection
EndGlobal
