
Microsoft Visual Studio Solution File, Format Version 12.00
# Visual Studio Version 17
VisualStudioVersion = 17.11.35222.181
MinimumVisualStudioVersion = 10.0.40219.1
Project("{FAE04EC0-301F-11D3-BF4B-00C04F79EFBC}") = "z3", "z3\z3.csproj", "{09D6DB80-758F-4E0E-A9CB-EF16EE6E406F}"
EndProject
Global
	GlobalSection(SolutionConfigurationPlatforms) = preSolution
		Debug|Any CPU = Debug|Any CPU
		Release|Any CPU = Release|Any CPU
	EndGlobalSection
	GlobalSection(ProjectConfigurationPlatforms) = postSolution
		{09D6DB80-758F-4E0E-A9CB-EF16EE6E406F}.Debug|Any CPU.ActiveCfg = Debug|Any CPU
		{09D6DB80-758F-4E0E-A9CB-EF16EE6E406F}.Debug|Any CPU.Build.0 = Debug|Any CPU
		{09D6DB80-758F-4E0E-A9CB-EF16EE6E406F}.Release|Any CPU.ActiveCfg = Release|Any CPU
		{09D6DB80-758F-4E0E-A9CB-EF16EE6E406F}.Release|Any CPU.Build.0 = Release|Any CPU
	EndGlobalSection
	GlobalSection(SolutionProperties) = preSolution
		HideSolutionNode = FALSE
	EndGlobalSection
	GlobalSection(ExtensibilityGlobals) = postSolution
		SolutionGuid = {F7409C6D-F413-4FDE-928A-72C4862B3B85}
	EndGlobalSection
EndGlobal
