
Microsoft Visual Studio Solution File, Format Version 12.00
# Visual Studio Version 17
VisualStudioVersion = 17.11.35222.181
MinimumVisualStudioVersion = 10.0.40219.1
Project("{FAE04EC0-301F-11D3-BF4B-00C04F79EFBC}") = "z1", "z1\z1.csproj", "{EDB62302-A52C-4C11-8AC4-3D1526C32D90}"
EndProject
Global
	GlobalSection(SolutionConfigurationPlatforms) = preSolution
		Debug|Any CPU = Debug|Any CPU
		Release|Any CPU = Release|Any CPU
	EndGlobalSection
	GlobalSection(ProjectConfigurationPlatforms) = postSolution
		{EDB62302-A52C-4C11-8AC4-3D1526C32D90}.Debug|Any CPU.ActiveCfg = Debug|Any CPU
		{EDB62302-A52C-4C11-8AC4-3D1526C32D90}.Debug|Any CPU.Build.0 = Debug|Any CPU
		{EDB62302-A52C-4C11-8AC4-3D1526C32D90}.Release|Any CPU.ActiveCfg = Release|Any CPU
		{EDB62302-A52C-4C11-8AC4-3D1526C32D90}.Release|Any CPU.Build.0 = Release|Any CPU
	EndGlobalSection
	GlobalSection(SolutionProperties) = preSolution
		HideSolutionNode = FALSE
	EndGlobalSection
	GlobalSection(ExtensibilityGlobals) = postSolution
		SolutionGuid = {295384EC-D5E4-4DD2-BFEC-F1F88E7693F9}
	EndGlobalSection
EndGlobal
