
Microsoft Visual Studio Solution File, Format Version 12.00
# Visual Studio Version 17
VisualStudioVersion = 17.11.35222.181
MinimumVisualStudioVersion = 10.0.40219.1
Project("{FAE04EC0-301F-11D3-BF4B-00C04F79EFBC}") = "z7", "z7\z7.csproj", "{025597F4-C7AC-477A-AF9E-104F779E0315}"
EndProject
Global
	GlobalSection(SolutionConfigurationPlatforms) = preSolution
		Debug|Any CPU = Debug|Any CPU
		Release|Any CPU = Release|Any CPU
	EndGlobalSection
	GlobalSection(ProjectConfigurationPlatforms) = postSolution
		{025597F4-C7AC-477A-AF9E-104F779E0315}.Debug|Any CPU.ActiveCfg = Debug|Any CPU
		{025597F4-C7AC-477A-AF9E-104F779E0315}.Debug|Any CPU.Build.0 = Debug|Any CPU
		{025597F4-C7AC-477A-AF9E-104F779E0315}.Release|Any CPU.ActiveCfg = Release|Any CPU
		{025597F4-C7AC-477A-AF9E-104F779E0315}.Release|Any CPU.Build.0 = Release|Any CPU
	EndGlobalSection
	GlobalSection(SolutionProperties) = preSolution
		HideSolutionNode = FALSE
	EndGlobalSection
	GlobalSection(ExtensibilityGlobals) = postSolution
		SolutionGuid = {73D4C4BB-EC23-42DC-BA61-7A5E6EA3FD69}
	EndGlobalSection
EndGlobal
